
Microsoft Visual Studio Solution File, Format Version 12.00
# Visual Studio 15
VisualStudioVersion = 15.0.28307.1267
MinimumVisualStudioVersion = 10.0.40219.1
Project("{8BC9CEB8-8B4A-11D0-8D11-00A0C91BC942}") = "AOC2020", "AOC2020\AOC2020.vcxproj", "{72D3B3F2-06DE-4A5D-9B87-509C09460C34}"
EndProject
Project("{8BC9CEB8-8B4A-11D0-8D11-00A0C91BC942}") = "Day1", "Day1\Day1.vcxproj", "{0278EE59-F869-44EA-A080-9DC7FDB77FB6}"
EndProject
Project("{8BC9CEB8-8B4A-11D0-8D11-00A0C91BC942}") = "Day2", "Day2\Day2.vcxproj", "{7A65E29D-8E6D-4C1B-85E6-530FEEF7A44B}"
EndProject
Project("{8BC9CEB8-8B4A-11D0-8D11-00A0C91BC942}") = "Day00", "Day00\Day00.vcxproj", "{30FDFAE6-01F3-4041-AD58-6781AB216455}"
EndProject
Project("{8BC9CEB8-8B4A-11D0-8D11-00A0C91BC942}") = "Day3", "Day3\Day3.vcxproj", "{121A0D44-EEC5-4CF3-BB72-B64B4B73D61A}"
EndProject
Project("{8BC9CEB8-8B4A-11D0-8D11-00A0C91BC942}") = "Day4", "Day4\Day4.vcxproj", "{A52513AC-3872-4EC5-B302-3B5F84A3A00F}"
EndProject
Project("{8BC9CEB8-8B4A-11D0-8D11-00A0C91BC942}") = "Day5", "Day5\Day5.vcxproj", "{CAE069D2-B1F3-4405-9F02-12A80DA125BB}"
EndProject
Global
	GlobalSection(SolutionConfigurationPlatforms) = preSolution
		Debug|x64 = Debug|x64
		Debug|x86 = Debug|x86
		Release|x64 = Release|x64
		Release|x86 = Release|x86
	EndGlobalSection
	GlobalSection(ProjectConfigurationPlatforms) = postSolution
		{72D3B3F2-06DE-4A5D-9B87-509C09460C34}.Debug|x64.ActiveCfg = Debug|x64
		{72D3B3F2-06DE-4A5D-9B87-509C09460C34}.Debug|x64.Build.0 = Debug|x64
		{72D3B3F2-06DE-4A5D-9B87-509C09460C34}.Debug|x86.ActiveCfg = Debug|Win32
		{72D3B3F2-06DE-4A5D-9B87-509C09460C34}.Debug|x86.Build.0 = Debug|Win32
		{72D3B3F2-06DE-4A5D-9B87-509C09460C34}.Release|x64.ActiveCfg = Release|x64
		{72D3B3F2-06DE-4A5D-9B87-509C09460C34}.Release|x64.Build.0 = Release|x64
		{72D3B3F2-06DE-4A5D-9B87-509C09460C34}.Release|x86.ActiveCfg = Release|Win32
		{72D3B3F2-06DE-4A5D-9B87-509C09460C34}.Release|x86.Build.0 = Release|Win32
		{0278EE59-F869-44EA-A080-9DC7FDB77FB6}.Debug|x64.ActiveCfg = Debug|x64
		{0278EE59-F869-44EA-A080-9DC7FDB77FB6}.Debug|x64.Build.0 = Debug|x64
		{0278EE59-F869-44EA-A080-9DC7FDB77FB6}.Debug|x86.ActiveCfg = Debug|Win32
		{0278EE59-F869-44EA-A080-9DC7FDB77FB6}.Debug|x86.Build.0 = Debug|Win32
		{0278EE59-F869-44EA-A080-9DC7FDB77FB6}.Release|x64.ActiveCfg = Release|x64
		{0278EE59-F869-44EA-A080-9DC7FDB77FB6}.Release|x64.Build.0 = Release|x64
		{0278EE59-F869-44EA-A080-9DC7FDB77FB6}.Release|x86.ActiveCfg = Release|Win32
		{0278EE59-F869-44EA-A080-9DC7FDB77FB6}.Release|x86.Build.0 = Release|Win32
		{7A65E29D-8E6D-4C1B-85E6-530FEEF7A44B}.Debug|x64.ActiveCfg = Debug|x64
		{7A65E29D-8E6D-4C1B-85E6-530FEEF7A44B}.Debug|x64.Build.0 = Debug|x64
		{7A65E29D-8E6D-4C1B-85E6-530FEEF7A44B}.Debug|x86.ActiveCfg = Debug|Win32
		{7A65E29D-8E6D-4C1B-85E6-530FEEF7A44B}.Debug|x86.Build.0 = Debug|Win32
		{7A65E29D-8E6D-4C1B-85E6-530FEEF7A44B}.Release|x64.ActiveCfg = Release|x64
		{7A65E29D-8E6D-4C1B-85E6-530FEEF7A44B}.Release|x64.Build.0 = Release|x64
		{7A65E29D-8E6D-4C1B-85E6-530FEEF7A44B}.Release|x86.ActiveCfg = Release|Win32
		{7A65E29D-8E6D-4C1B-85E6-530FEEF7A44B}.Release|x86.Build.0 = Release|Win32
		{30FDFAE6-01F3-4041-AD58-6781AB216455}.Debug|x64.ActiveCfg = Debug|x64
		{30FDFAE6-01F3-4041-AD58-6781AB216455}.Debug|x64.Build.0 = Debug|x64
		{30FDFAE6-01F3-4041-AD58-6781AB216455}.Debug|x86.ActiveCfg = Debug|Win32
		{30FDFAE6-01F3-4041-AD58-6781AB216455}.Debug|x86.Build.0 = Debug|Win32
		{30FDFAE6-01F3-4041-AD58-6781AB216455}.Release|x64.ActiveCfg = Release|x64
		{30FDFAE6-01F3-4041-AD58-6781AB216455}.Release|x64.Build.0 = Release|x64
		{30FDFAE6-01F3-4041-AD58-6781AB216455}.Release|x86.ActiveCfg = Release|Win32
		{30FDFAE6-01F3-4041-AD58-6781AB216455}.Release|x86.Build.0 = Release|Win32
		{121A0D44-EEC5-4CF3-BB72-B64B4B73D61A}.Debug|x64.ActiveCfg = Debug|x64
		{121A0D44-EEC5-4CF3-BB72-B64B4B73D61A}.Debug|x64.Build.0 = Debug|x64
		{121A0D44-EEC5-4CF3-BB72-B64B4B73D61A}.Debug|x86.ActiveCfg = Debug|Win32
		{121A0D44-EEC5-4CF3-BB72-B64B4B73D61A}.Debug|x86.Build.0 = Debug|Win32
		{121A0D44-EEC5-4CF3-BB72-B64B4B73D61A}.Release|x64.ActiveCfg = Release|x64
		{121A0D44-EEC5-4CF3-BB72-B64B4B73D61A}.Release|x64.Build.0 = Release|x64
		{121A0D44-EEC5-4CF3-BB72-B64B4B73D61A}.Release|x86.ActiveCfg = Release|Win32
		{121A0D44-EEC5-4CF3-BB72-B64B4B73D61A}.Release|x86.Build.0 = Release|Win32
		{A52513AC-3872-4EC5-B302-3B5F84A3A00F}.Debug|x64.ActiveCfg = Debug|x64
		{A52513AC-3872-4EC5-B302-3B5F84A3A00F}.Debug|x64.Build.0 = Debug|x64
		{A52513AC-3872-4EC5-B302-3B5F84A3A00F}.Debug|x86.ActiveCfg = Debug|Win32
		{A52513AC-3872-4EC5-B302-3B5F84A3A00F}.Debug|x86.Build.0 = Debug|Win32
		{A52513AC-3872-4EC5-B302-3B5F84A3A00F}.Release|x64.ActiveCfg = Release|x64
		{A52513AC-3872-4EC5-B302-3B5F84A3A00F}.Release|x64.Build.0 = Release|x64
		{A52513AC-3872-4EC5-B302-3B5F84A3A00F}.Release|x86.ActiveCfg = Release|Win32
		{A52513AC-3872-4EC5-B302-3B5F84A3A00F}.Release|x86.Build.0 = Release|Win32
		{CAE069D2-B1F3-4405-9F02-12A80DA125BB}.Debug|x64.ActiveCfg = Debug|x64
		{CAE069D2-B1F3-4405-9F02-12A80DA125BB}.Debug|x64.Build.0 = Debug|x64
		{CAE069D2-B1F3-4405-9F02-12A80DA125BB}.Debug|x86.ActiveCfg = Debug|Win32
		{CAE069D2-B1F3-4405-9F02-12A80DA125BB}.Debug|x86.Build.0 = Debug|Win32
		{CAE069D2-B1F3-4405-9F02-12A80DA125BB}.Release|x64.ActiveCfg = Release|x64
		{CAE069D2-B1F3-4405-9F02-12A80DA125BB}.Release|x64.Build.0 = Release|x64
		{CAE069D2-B1F3-4405-9F02-12A80DA125BB}.Release|x86.ActiveCfg = Release|Win32
		{CAE069D2-B1F3-4405-9F02-12A80DA125BB}.Release|x86.Build.0 = Release|Win32
	EndGlobalSection
	GlobalSection(SolutionProperties) = preSolution
		HideSolutionNode = FALSE
	EndGlobalSection
	GlobalSection(ExtensibilityGlobals) = postSolution
		SolutionGuid = {DE1803E2-80E0-4BCF-AD14-6F13E982CDE5}
	EndGlobalSection
EndGlobal
